
Microsoft Visual Studio Solution File, Format Version 12.00
# Visual Studio 15
VisualStudioVersion = 15.0.26124.0
MinimumVisualStudioVersion = 15.0.26124.0
Project("{F2A71F9B-5D33-465A-A702-920D77279786}") = "Console", "src\Console\Console.fsproj", "{9001FBC2-B5E0-444F-9EDD-3B33BF9F2C08}"
EndProject
Project("{F2A71F9B-5D33-465A-A702-920D77279786}") = "Kernel", "src\Kernel\Kernel.fsproj", "{72DD12D4-04B6-4759-880B-F1C8D9C51A0B}"
EndProject
Project("{F2A71F9B-5D33-465A-A702-920D77279786}") = "Common", "src\Common\Common.fsproj", "{441116A0-D993-4AF2-8874-88C71874FC08}"
EndProject
Project("{F2A71F9B-5D33-465A-A702-920D77279786}") = "Write", "src\Write\Write.fsproj", "{7839B394-9569-457C-A8C5-182D9446808C}"
EndProject
Project("{F2A71F9B-5D33-465A-A702-920D77279786}") = "Handle", "src\Handle\Handle.fsproj", "{3D79A281-521E-4923-B492-EAA88F785E26}"
EndProject
Global
	GlobalSection(SolutionConfigurationPlatforms) = preSolution
		Debug|Any CPU = Debug|Any CPU
		Debug|x64 = Debug|x64
		Debug|x86 = Debug|x86
		Release|Any CPU = Release|Any CPU
		Release|x64 = Release|x64
		Release|x86 = Release|x86
	EndGlobalSection
	GlobalSection(SolutionProperties) = preSolution
		HideSolutionNode = FALSE
	EndGlobalSection
	GlobalSection(ProjectConfigurationPlatforms) = postSolution
		{9001FBC2-B5E0-444F-9EDD-3B33BF9F2C08}.Debug|Any CPU.ActiveCfg = Debug|Any CPU
		{9001FBC2-B5E0-444F-9EDD-3B33BF9F2C08}.Debug|Any CPU.Build.0 = Debug|Any CPU
		{9001FBC2-B5E0-444F-9EDD-3B33BF9F2C08}.Debug|x64.ActiveCfg = Debug|Any CPU
		{9001FBC2-B5E0-444F-9EDD-3B33BF9F2C08}.Debug|x64.Build.0 = Debug|Any CPU
		{9001FBC2-B5E0-444F-9EDD-3B33BF9F2C08}.Debug|x86.ActiveCfg = Debug|Any CPU
		{9001FBC2-B5E0-444F-9EDD-3B33BF9F2C08}.Debug|x86.Build.0 = Debug|Any CPU
		{9001FBC2-B5E0-444F-9EDD-3B33BF9F2C08}.Release|Any CPU.ActiveCfg = Release|Any CPU
		{9001FBC2-B5E0-444F-9EDD-3B33BF9F2C08}.Release|Any CPU.Build.0 = Release|Any CPU
		{9001FBC2-B5E0-444F-9EDD-3B33BF9F2C08}.Release|x64.ActiveCfg = Release|Any CPU
		{9001FBC2-B5E0-444F-9EDD-3B33BF9F2C08}.Release|x64.Build.0 = Release|Any CPU
		{9001FBC2-B5E0-444F-9EDD-3B33BF9F2C08}.Release|x86.ActiveCfg = Release|Any CPU
		{9001FBC2-B5E0-444F-9EDD-3B33BF9F2C08}.Release|x86.Build.0 = Release|Any CPU
		{72DD12D4-04B6-4759-880B-F1C8D9C51A0B}.Debug|Any CPU.ActiveCfg = Debug|Any CPU
		{72DD12D4-04B6-4759-880B-F1C8D9C51A0B}.Debug|Any CPU.Build.0 = Debug|Any CPU
		{72DD12D4-04B6-4759-880B-F1C8D9C51A0B}.Debug|x64.ActiveCfg = Debug|Any CPU
		{72DD12D4-04B6-4759-880B-F1C8D9C51A0B}.Debug|x64.Build.0 = Debug|Any CPU
		{72DD12D4-04B6-4759-880B-F1C8D9C51A0B}.Debug|x86.ActiveCfg = Debug|Any CPU
		{72DD12D4-04B6-4759-880B-F1C8D9C51A0B}.Debug|x86.Build.0 = Debug|Any CPU
		{72DD12D4-04B6-4759-880B-F1C8D9C51A0B}.Release|Any CPU.ActiveCfg = Release|Any CPU
		{72DD12D4-04B6-4759-880B-F1C8D9C51A0B}.Release|Any CPU.Build.0 = Release|Any CPU
		{72DD12D4-04B6-4759-880B-F1C8D9C51A0B}.Release|x64.ActiveCfg = Release|Any CPU
		{72DD12D4-04B6-4759-880B-F1C8D9C51A0B}.Release|x64.Build.0 = Release|Any CPU
		{72DD12D4-04B6-4759-880B-F1C8D9C51A0B}.Release|x86.ActiveCfg = Release|Any CPU
		{72DD12D4-04B6-4759-880B-F1C8D9C51A0B}.Release|x86.Build.0 = Release|Any CPU
		{441116A0-D993-4AF2-8874-88C71874FC08}.Debug|Any CPU.ActiveCfg = Debug|Any CPU
		{441116A0-D993-4AF2-8874-88C71874FC08}.Debug|Any CPU.Build.0 = Debug|Any CPU
		{441116A0-D993-4AF2-8874-88C71874FC08}.Debug|x64.ActiveCfg = Debug|Any CPU
		{441116A0-D993-4AF2-8874-88C71874FC08}.Debug|x64.Build.0 = Debug|Any CPU
		{441116A0-D993-4AF2-8874-88C71874FC08}.Debug|x86.ActiveCfg = Debug|Any CPU
		{441116A0-D993-4AF2-8874-88C71874FC08}.Debug|x86.Build.0 = Debug|Any CPU
		{441116A0-D993-4AF2-8874-88C71874FC08}.Release|Any CPU.ActiveCfg = Release|Any CPU
		{441116A0-D993-4AF2-8874-88C71874FC08}.Release|Any CPU.Build.0 = Release|Any CPU
		{441116A0-D993-4AF2-8874-88C71874FC08}.Release|x64.ActiveCfg = Release|Any CPU
		{441116A0-D993-4AF2-8874-88C71874FC08}.Release|x64.Build.0 = Release|Any CPU
		{441116A0-D993-4AF2-8874-88C71874FC08}.Release|x86.ActiveCfg = Release|Any CPU
		{441116A0-D993-4AF2-8874-88C71874FC08}.Release|x86.Build.0 = Release|Any CPU
		{D706290E-542A-4F2F-9D71-DCAAF505A1F7}.Debug|Any CPU.ActiveCfg = Debug|Any CPU
		{D706290E-542A-4F2F-9D71-DCAAF505A1F7}.Debug|Any CPU.Build.0 = Debug|Any CPU
		{D706290E-542A-4F2F-9D71-DCAAF505A1F7}.Debug|x64.ActiveCfg = Debug|Any CPU
		{D706290E-542A-4F2F-9D71-DCAAF505A1F7}.Debug|x64.Build.0 = Debug|Any CPU
		{D706290E-542A-4F2F-9D71-DCAAF505A1F7}.Debug|x86.ActiveCfg = Debug|Any CPU
		{D706290E-542A-4F2F-9D71-DCAAF505A1F7}.Debug|x86.Build.0 = Debug|Any CPU
		{D706290E-542A-4F2F-9D71-DCAAF505A1F7}.Release|Any CPU.ActiveCfg = Release|Any CPU
		{D706290E-542A-4F2F-9D71-DCAAF505A1F7}.Release|Any CPU.Build.0 = Release|Any CPU
		{D706290E-542A-4F2F-9D71-DCAAF505A1F7}.Release|x64.ActiveCfg = Release|Any CPU
		{D706290E-542A-4F2F-9D71-DCAAF505A1F7}.Release|x64.Build.0 = Release|Any CPU
		{D706290E-542A-4F2F-9D71-DCAAF505A1F7}.Release|x86.ActiveCfg = Release|Any CPU
		{D706290E-542A-4F2F-9D71-DCAAF505A1F7}.Release|x86.Build.0 = Release|Any CPU
		{7839B394-9569-457C-A8C5-182D9446808C}.Debug|Any CPU.ActiveCfg = Debug|Any CPU
		{7839B394-9569-457C-A8C5-182D9446808C}.Debug|Any CPU.Build.0 = Debug|Any CPU
		{7839B394-9569-457C-A8C5-182D9446808C}.Debug|x64.ActiveCfg = Debug|Any CPU
		{7839B394-9569-457C-A8C5-182D9446808C}.Debug|x64.Build.0 = Debug|Any CPU
		{7839B394-9569-457C-A8C5-182D9446808C}.Debug|x86.ActiveCfg = Debug|Any CPU
		{7839B394-9569-457C-A8C5-182D9446808C}.Debug|x86.Build.0 = Debug|Any CPU
		{7839B394-9569-457C-A8C5-182D9446808C}.Release|Any CPU.ActiveCfg = Release|Any CPU
		{7839B394-9569-457C-A8C5-182D9446808C}.Release|Any CPU.Build.0 = Release|Any CPU
		{7839B394-9569-457C-A8C5-182D9446808C}.Release|x64.ActiveCfg = Release|Any CPU
		{7839B394-9569-457C-A8C5-182D9446808C}.Release|x64.Build.0 = Release|Any CPU
		{7839B394-9569-457C-A8C5-182D9446808C}.Release|x86.ActiveCfg = Release|Any CPU
		{7839B394-9569-457C-A8C5-182D9446808C}.Release|x86.Build.0 = Release|Any CPU
		{3D79A281-521E-4923-B492-EAA88F785E26}.Debug|Any CPU.ActiveCfg = Debug|Any CPU
		{3D79A281-521E-4923-B492-EAA88F785E26}.Debug|Any CPU.Build.0 = Debug|Any CPU
		{3D79A281-521E-4923-B492-EAA88F785E26}.Debug|x64.ActiveCfg = Debug|Any CPU
		{3D79A281-521E-4923-B492-EAA88F785E26}.Debug|x64.Build.0 = Debug|Any CPU
		{3D79A281-521E-4923-B492-EAA88F785E26}.Debug|x86.ActiveCfg = Debug|Any CPU
		{3D79A281-521E-4923-B492-EAA88F785E26}.Debug|x86.Build.0 = Debug|Any CPU
		{3D79A281-521E-4923-B492-EAA88F785E26}.Release|Any CPU.ActiveCfg = Release|Any CPU
		{3D79A281-521E-4923-B492-EAA88F785E26}.Release|Any CPU.Build.0 = Release|Any CPU
		{3D79A281-521E-4923-B492-EAA88F785E26}.Release|x64.ActiveCfg = Release|Any CPU
		{3D79A281-521E-4923-B492-EAA88F785E26}.Release|x64.Build.0 = Release|Any CPU
		{3D79A281-521E-4923-B492-EAA88F785E26}.Release|x86.ActiveCfg = Release|Any CPU
		{3D79A281-521E-4923-B492-EAA88F785E26}.Release|x86.Build.0 = Release|Any CPU
	EndGlobalSection
EndGlobal
